
Microsoft Visual Studio Solution File, Format Version 12.00
# Visual Studio Version 17
VisualStudioVersion = 17.0.32014.148
MinimumVisualStudioVersion = 10.0.40219.1
Project("{FAE04EC0-301F-11D3-BF4B-00C04F79EFBC}") = "Produto", "Produto.csproj", "{4FFE5E3E-958F-48ED-8829-45037595E67C}"
EndProject
Global
	GlobalSection(SolutionConfigurationPlatforms) = preSolution
		Debug|Any CPU = Debug|Any CPU
		Release|Any CPU = Release|Any CPU
	EndGlobalSection
	GlobalSection(ProjectConfigurationPlatforms) = postSolution
		{4FFE5E3E-958F-48ED-8829-45037595E67C}.Debug|Any CPU.ActiveCfg = Debug|Any CPU
		{4FFE5E3E-958F-48ED-8829-45037595E67C}.Debug|Any CPU.Build.0 = Debug|Any CPU
		{4FFE5E3E-958F-48ED-8829-45037595E67C}.Release|Any CPU.ActiveCfg = Release|Any CPU
		{4FFE5E3E-958F-48ED-8829-45037595E67C}.Release|Any CPU.Build.0 = Release|Any CPU
	EndGlobalSection
	GlobalSection(SolutionProperties) = preSolution
		HideSolutionNode = FALSE
	EndGlobalSection
	GlobalSection(ExtensibilityGlobals) = postSolution
		SolutionGuid = {29DA422C-4419-4D70-A995-DD6716D66B4C}
	EndGlobalSection
EndGlobal
